
Microsoft Visual Studio Solution File, Format Version 12.00
# Visual Studio Version 17
VisualStudioVersion = 17.0.31912.275
MinimumVisualStudioVersion = 10.0.40219.1
Project("{FAE04EC0-301F-11D3-BF4B-00C04F79EFBC}") = "Stoplight", "Stoplight.csproj", "{F97A922A-744F-4030-B02D-AB200B3529B9}"
EndProject
Global
	GlobalSection(SolutionConfigurationPlatforms) = preSolution
		Debug|Any CPU = Debug|Any CPU
		Release|Any CPU = Release|Any CPU
	EndGlobalSection
	GlobalSection(ProjectConfigurationPlatforms) = postSolution
		{F97A922A-744F-4030-B02D-AB200B3529B9}.Debug|Any CPU.ActiveCfg = Debug|Any CPU
		{F97A922A-744F-4030-B02D-AB200B3529B9}.Debug|Any CPU.Build.0 = Debug|Any CPU
		{F97A922A-744F-4030-B02D-AB200B3529B9}.Release|Any CPU.ActiveCfg = Release|Any CPU
		{F97A922A-744F-4030-B02D-AB200B3529B9}.Release|Any CPU.Build.0 = Release|Any CPU
	EndGlobalSection
	GlobalSection(SolutionProperties) = preSolution
		HideSolutionNode = FALSE
	EndGlobalSection
	GlobalSection(ExtensibilityGlobals) = postSolution
		SolutionGuid = {0C59C7B5-C240-45E0-9856-3AD18B6152F2}
	EndGlobalSection
EndGlobal
